Microsoft Visual Studio Solution File, Format Version 12.00
# Visual Studio Version 17
VisualStudioVersion = 17.0.31903.59
MinimumVisualStudioVersion = 10.0.40219.1
Project("{2150E333-8FDC-42A3-9474-1A3956D46DE8}") = "src", "src", "{8BC9CEB8-8B4A-11D0-8D11-00A0C91BC942}"
EndProject
Project("{2150E333-8FDC-42A3-9474-1A3956D46DE8}") = "tests", "tests", "{9A19103F-16F7-4668-BE54-9A1E7A4F7556}"
EndProject
Project("{2150E333-8FDC-42A3-9474-1A3956D46DE8}") = "samples", "samples", "{E24C65DC-7377-472B-9ABA-BC803B73C61A}"
EndProject
Project("{2150E333-8FDC-42A3-9474-1A3956D46DE8}") = "tools", "tools", "{F2A71F9B-5D33-465A-A702-920D77279786}"
EndProject
Project("{9A19103F-16F7-4668-BE54-9A1E7A4F7556}") = "USD.Net", "src\USD.Net\USD.Net.csproj", "{A2FE74E1-B743-11D0-AE1A-00A0C90FFFC3}"
EndProject
Project("{9A19103F-16F7-4668-BE54-9A1E7A4F7556}") = "USD.Net.Tests", "tests\USD.Net.Tests\USD.Net.Tests.csproj", "{B3FE74E1-B743-11D0-AE1A-00A0C90FFFC4}"
EndProject
Project("{2150E333-8FDC-42A3-9474-1A3956D46DE8}") = "Solution Items", "Solution Items", "{02EA681E-C7D8-13C7-8484-4AC65E1B71E8}"
	ProjectSection(SolutionItems) = preProject
		.gitignore = .gitignore
		CLAUDE.md = CLAUDE.md
		LICENSE = LICENSE
		README.md = README.md
		test_path.cs = test_path.cs
	EndProjectSection
EndProject
Project("{2150E333-8FDC-42A3-9474-1A3956D46DE8}") = "examples", "examples", "{E12C65DC-7377-472B-9ABA-BC803B73C61B}"
	ProjectSection(SolutionItems) = preProject
		examples\3DModelCreation.cs = examples\3DModelCreation.cs
	EndProjectSection
EndProject
Project("{2150E333-8FDC-42A3-9474-1A3956D46DE8}") = "docs", "docs", "{C079660F-686E-4BBB-AC94-7C998F76AEA0}"
	ProjectSection(SolutionItems) = preProject
		docs\OpenUSD_USDA_Serialization_Analysis.md = docs\OpenUSD_USDA_Serialization_Analysis.md
	EndProjectSection
EndProject
Global
	GlobalSection(SolutionConfigurationPlatforms) = preSolution
		Debug|Any CPU = Debug|Any CPU
		Release|Any CPU = Release|Any CPU
	EndGlobalSection
	GlobalSection(ProjectConfigurationPlatforms) = postSolution
		{A2FE74E1-B743-11D0-AE1A-00A0C90FFFC3}.Debug|Any CPU.ActiveCfg = Debug|Any CPU
		{A2FE74E1-B743-11D0-AE1A-00A0C90FFFC3}.Debug|Any CPU.Build.0 = Debug|Any CPU
		{A2FE74E1-B743-11D0-AE1A-00A0C90FFFC3}.Release|Any CPU.ActiveCfg = Release|Any CPU
		{A2FE74E1-B743-11D0-AE1A-00A0C90FFFC3}.Release|Any CPU.Build.0 = Release|Any CPU
		{B3FE74E1-B743-11D0-AE1A-00A0C90FFFC4}.Debug|Any CPU.ActiveCfg = Debug|Any CPU
		{B3FE74E1-B743-11D0-AE1A-00A0C90FFFC4}.Debug|Any CPU.Build.0 = Debug|Any CPU
		{B3FE74E1-B743-11D0-AE1A-00A0C90FFFC4}.Release|Any CPU.ActiveCfg = Release|Any CPU
		{B3FE74E1-B743-11D0-AE1A-00A0C90FFFC4}.Release|Any CPU.Build.0 = Release|Any CPU
	EndGlobalSection
	GlobalSection(SolutionProperties) = preSolution
		HideSolutionNode = FALSE
	EndGlobalSection
	GlobalSection(NestedProjects) = preSolution
		{A2FE74E1-B743-11D0-AE1A-00A0C90FFFC3} = {8BC9CEB8-8B4A-11D0-8D11-00A0C91BC942}
		{B3FE74E1-B743-11D0-AE1A-00A0C90FFFC4} = {9A19103F-16F7-4668-BE54-9A1E7A4F7556}
	EndGlobalSection
	GlobalSection(ExtensibilityGlobals) = postSolution
		SolutionGuid = {36E2F624-F4F1-4F40-8B9F-5A4F7A4F7556}
	EndGlobalSection
EndGlobal
